{
  "name": "workpack",
  "lockfileVersion": 2,
  "requires": true,
  "packages": {
    "": {
      "name": "workpack",
      "workspaces": [
        "mylib",
        "app"
      ],
      "devDependencies": {
        "@tsconfig/node16-strictest": "^1.0.4",
        "@types/node": "^18.11.0",
        "typescript": "^4.8.4"
      }
    },
    "app": {
      "name": "@workpack/app",
      "version": "1.0.0",
      "license": "ISC",
      "dependencies": {
        "@workpack/mylib": "^1.0.0"
      }
    },
    "mylib": {
      "name": "@workpack/mylib",
      "version": "1.0.0",
      "license": "ISC",
      "devDependencies": {
        "@types/node": "^18.11.0",
        "typescript": "^4.8.4"
      }
    },
    "node_modules/@tsconfig/node16-strictest": {
      "version": "1.0.4",
      "resolved": "https://registry.npmjs.org/@tsconfig/node16-strictest/-/node16-strictest-1.0.4.tgz",
      "integrity": "sha512-kp6/DuAoKzHVv5U+p0uOesYbjrEvrYVNdQMl163a+yXXUv9twabvkCGEn3pmVxKXB45JU5MPGolDDWnONZL5ZQ==",
      "dev": true
    },
    "node_modules/@types/node": {
      "version": "18.11.0",
      "resolved": "https://registry.npmjs.org/@types/node/-/node-18.11.0.tgz",
      "integrity": "sha512-IOXCvVRToe7e0ny7HpT/X9Rb2RYtElG1a+VshjwT00HxrM2dWBApHQoqsI6WiY7Q03vdf2bCrIGzVrkF/5t10w==",
      "dev": true
    },
    "node_modules/@workpack/app": {
      "resolved": "app",
      "link": true
    },
    "node_modules/@workpack/mylib": {
      "resolved": "mylib",
      "link": true
    },
    "node_modules/typescript": {
      "version": "4.8.4",
      "resolved": "https://registry.npmjs.org/typescript/-/typescript-4.8.4.tgz",
      "integrity": "sha512-QCh+85mCy+h0IGff8r5XWzOVSbBO+KfeYrMQh7NJ58QujwcE22u+NUSmUxqF+un70P9GXKxa2HCNiTTMJknyjQ==",
      "dev": true,
      "bin": {
        "tsc": "bin/tsc",
        "tsserver": "bin/tsserver"
      },
      "engines": {
        "node": ">=4.2.0"
      }
    }
  },
  "dependencies": {
    "@tsconfig/node16-strictest": {
      "version": "1.0.4",
      "resolved": "https://registry.npmjs.org/@tsconfig/node16-strictest/-/node16-strictest-1.0.4.tgz",
      "integrity": "sha512-kp6/DuAoKzHVv5U+p0uOesYbjrEvrYVNdQMl163a+yXXUv9twabvkCGEn3pmVxKXB45JU5MPGolDDWnONZL5ZQ==",
      "dev": true
    },
    "@types/node": {
      "version": "18.11.0",
      "resolved": "https://registry.npmjs.org/@types/node/-/node-18.11.0.tgz",
      "integrity": "sha512-IOXCvVRToe7e0ny7HpT/X9Rb2RYtElG1a+VshjwT00HxrM2dWBApHQoqsI6WiY7Q03vdf2bCrIGzVrkF/5t10w==",
      "dev": true
    },
    "@workpack/app": {
      "version": "file:app",
      "requires": {
        "@workpack/mylib": "^1.0.0"
      }
    },
    "@workpack/mylib": {
      "version": "file:mylib",
      "requires": {
        "@types/node": "^18.11.0",
        "typescript": "^4.8.4"
      }
    },
    "typescript": {
      "version": "4.8.4",
      "resolved": "https://registry.npmjs.org/typescript/-/typescript-4.8.4.tgz",
      "integrity": "sha512-QCh+85mCy+h0IGff8r5XWzOVSbBO+KfeYrMQh7NJ58QujwcE22u+NUSmUxqF+un70P9GXKxa2HCNiTTMJknyjQ==",
      "dev": true
    }
  }
}
